
Microsoft Visual Studio Solution File, Format Version 12.00
# Visual Studio 15
VisualStudioVersion = 15.0.26730.3
MinimumVisualStudioVersion = 10.0.40219.1
Project("{FAE04EC0-301F-11D3-BF4B-00C04F79EFBC}") = "ICRL", "ICRL\ICRL.csproj", "{A3CBCFE6-2C37-4930-9703-5AEEBB3E9599}"
EndProject
Project("{FAE04EC0-301F-11D3-BF4B-00C04F79EFBC}") = "ArgosProxy", "ArgosProxy\ArgosProxy.csproj", "{1C1BCA47-5864-4A73-A48F-E726DBC277C2}"
EndProject
Project("{FAE04EC0-301F-11D3-BF4B-00C04F79EFBC}") = "OnBaseProxy", "OnBaseProxy\OnBaseProxy.csproj", "{2B4256E7-260C-4268-A6BF-F756F0BCEE6E}"
EndProject
Global
	GlobalSection(SolutionConfigurationPlatforms) = preSolution
		Debug|Any CPU = Debug|Any CPU
		Release|Any CPU = Release|Any CPU
	EndGlobalSection
	GlobalSection(ProjectConfigurationPlatforms) = postSolution
		{A3CBCFE6-2C37-4930-9703-5AEEBB3E9599}.Debug|Any CPU.ActiveCfg = Debug|Any CPU
		{A3CBCFE6-2C37-4930-9703-5AEEBB3E9599}.Debug|Any CPU.Build.0 = Debug|Any CPU
		{A3CBCFE6-2C37-4930-9703-5AEEBB3E9599}.Release|Any CPU.ActiveCfg = Release|Any CPU
		{A3CBCFE6-2C37-4930-9703-5AEEBB3E9599}.Release|Any CPU.Build.0 = Release|Any CPU
		{1C1BCA47-5864-4A73-A48F-E726DBC277C2}.Debug|Any CPU.ActiveCfg = Debug|Any CPU
		{1C1BCA47-5864-4A73-A48F-E726DBC277C2}.Debug|Any CPU.Build.0 = Debug|Any CPU
		{1C1BCA47-5864-4A73-A48F-E726DBC277C2}.Release|Any CPU.ActiveCfg = Release|Any CPU
		{1C1BCA47-5864-4A73-A48F-E726DBC277C2}.Release|Any CPU.Build.0 = Release|Any CPU
		{2B4256E7-260C-4268-A6BF-F756F0BCEE6E}.Debug|Any CPU.ActiveCfg = Debug|Any CPU
		{2B4256E7-260C-4268-A6BF-F756F0BCEE6E}.Debug|Any CPU.Build.0 = Debug|Any CPU
		{2B4256E7-260C-4268-A6BF-F756F0BCEE6E}.Release|Any CPU.ActiveCfg = Release|Any CPU
		{2B4256E7-260C-4268-A6BF-F756F0BCEE6E}.Release|Any CPU.Build.0 = Release|Any CPU
	EndGlobalSection
	GlobalSection(SolutionProperties) = preSolution
		HideSolutionNode = FALSE
	EndGlobalSection
	GlobalSection(ExtensibilityGlobals) = postSolution
		SolutionGuid = {F87F8559-1748-47E2-A1C0-D75EA58C52AE}
	EndGlobalSection
EndGlobal
